
Microsoft Visual Studio Solution File, Format Version 12.00
# Visual Studio 15
VisualStudioVersion = 15.0.28307.852
MinimumVisualStudioVersion = 10.0.40219.1
Project("{FAE04EC0-301F-11D3-BF4B-00C04F79EFBC}") = "sum of squares", "sum of squares\sum of squares.csproj", "{21387552-92E9-4803-8614-83C5B0BA72C1}"
EndProject
Global
	GlobalSection(SolutionConfigurationPlatforms) = preSolution
		Debug|Any CPU = Debug|Any CPU
		Release|Any CPU = Release|Any CPU
	EndGlobalSection
	GlobalSection(ProjectConfigurationPlatforms) = postSolution
		{21387552-92E9-4803-8614-83C5B0BA72C1}.Debug|Any CPU.ActiveCfg = Debug|Any CPU
		{21387552-92E9-4803-8614-83C5B0BA72C1}.Debug|Any CPU.Build.0 = Debug|Any CPU
		{21387552-92E9-4803-8614-83C5B0BA72C1}.Release|Any CPU.ActiveCfg = Release|Any CPU
		{21387552-92E9-4803-8614-83C5B0BA72C1}.Release|Any CPU.Build.0 = Release|Any CPU
	EndGlobalSection
	GlobalSection(SolutionProperties) = preSolution
		HideSolutionNode = FALSE
	EndGlobalSection
	GlobalSection(ExtensibilityGlobals) = postSolution
		SolutionGuid = {1B5718E8-8E6E-401A-9601-FAD6FB3AD39D}
	EndGlobalSection
EndGlobal
